
Microsoft Visual Studio Solution File, Format Version 12.00
# Visual Studio Version 17
VisualStudioVersion = 17.0.31903.59
MinimumVisualStudioVersion = 10.0.40219.1
Project("{2150E333-8FDC-42A3-9474-1A3956D46DE8}") = "src", "src", "{F33F7C87-8269-492A-9425-513336EF6B6C}"
EndProject
Project("{FAE04EC0-301F-11D3-BF4B-00C04F79EFBC}") = "AuctionService", "src\AuctionService\AuctionService.csproj", "{19C9E305-CBA5-4E72-A965-5013D5513CE8}"
EndProject
Project("{FAE04EC0-301F-11D3-BF4B-00C04F79EFBC}") = "SearchService", "src\SearchService\SearchService.csproj", "{77A99FC1-5CE9-4D29-AFD6-9EF916D63FAF}"
EndProject
Global
	GlobalSection(SolutionConfigurationPlatforms) = preSolution
		Debug|Any CPU = Debug|Any CPU
		Release|Any CPU = Release|Any CPU
	EndGlobalSection
	GlobalSection(SolutionProperties) = preSolution
		HideSolutionNode = FALSE
	EndGlobalSection
	GlobalSection(ProjectConfigurationPlatforms) = postSolution
		{19C9E305-CBA5-4E72-A965-5013D5513CE8}.Debug|Any CPU.ActiveCfg = Debug|Any CPU
		{19C9E305-CBA5-4E72-A965-5013D5513CE8}.Debug|Any CPU.Build.0 = Debug|Any CPU
		{19C9E305-CBA5-4E72-A965-5013D5513CE8}.Release|Any CPU.ActiveCfg = Release|Any CPU
		{19C9E305-CBA5-4E72-A965-5013D5513CE8}.Release|Any CPU.Build.0 = Release|Any CPU
		{77A99FC1-5CE9-4D29-AFD6-9EF916D63FAF}.Debug|Any CPU.ActiveCfg = Debug|Any CPU
		{77A99FC1-5CE9-4D29-AFD6-9EF916D63FAF}.Debug|Any CPU.Build.0 = Debug|Any CPU
		{77A99FC1-5CE9-4D29-AFD6-9EF916D63FAF}.Release|Any CPU.ActiveCfg = Release|Any CPU
		{77A99FC1-5CE9-4D29-AFD6-9EF916D63FAF}.Release|Any CPU.Build.0 = Release|Any CPU
	EndGlobalSection
	GlobalSection(NestedProjects) = preSolution
		{19C9E305-CBA5-4E72-A965-5013D5513CE8} = {F33F7C87-8269-492A-9425-513336EF6B6C}
		{77A99FC1-5CE9-4D29-AFD6-9EF916D63FAF} = {F33F7C87-8269-492A-9425-513336EF6B6C}
	EndGlobalSection
EndGlobal
